
Microsoft Visual Studio Solution File, Format Version 12.00
# Visual Studio Version 17
VisualStudioVersion = 17.8.34408.163
MinimumVisualStudioVersion = 10.0.40219.1
Project("{FAE04EC0-301F-11D3-BF4B-00C04F79EFBC}") = "ppwebsite", "ppwebsite\ppwebsite.csproj", "{A47D701D-90CD-41CA-8559-09AC817BED99}"
EndProject
Project("{FAE04EC0-301F-11D3-BF4B-00C04F79EFBC}") = "ppwebsiteTP", "ppwebsiteTP\ppwebsiteTP.csproj", "{33AD9DA8-C466-46A1-8AEF-51908062CEF9}"
EndProject
Global
	GlobalSection(SolutionConfigurationPlatforms) = preSolution
		Debug|Any CPU = Debug|Any CPU
		Release|Any CPU = Release|Any CPU
	EndGlobalSection
	GlobalSection(ProjectConfigurationPlatforms) = postSolution
		{A47D701D-90CD-41CA-8559-09AC817BED99}.Debug|Any CPU.ActiveCfg = Debug|Any CPU
		{A47D701D-90CD-41CA-8559-09AC817BED99}.Debug|Any CPU.Build.0 = Debug|Any CPU
		{A47D701D-90CD-41CA-8559-09AC817BED99}.Release|Any CPU.ActiveCfg = Release|Any CPU
		{A47D701D-90CD-41CA-8559-09AC817BED99}.Release|Any CPU.Build.0 = Release|Any CPU
		{33AD9DA8-C466-46A1-8AEF-51908062CEF9}.Debug|Any CPU.ActiveCfg = Debug|Any CPU
		{33AD9DA8-C466-46A1-8AEF-51908062CEF9}.Debug|Any CPU.Build.0 = Debug|Any CPU
		{33AD9DA8-C466-46A1-8AEF-51908062CEF9}.Release|Any CPU.ActiveCfg = Release|Any CPU
		{33AD9DA8-C466-46A1-8AEF-51908062CEF9}.Release|Any CPU.Build.0 = Release|Any CPU
	EndGlobalSection
	GlobalSection(SolutionProperties) = preSolution
		HideSolutionNode = FALSE
	EndGlobalSection
	GlobalSection(ExtensibilityGlobals) = postSolution
		SolutionGuid = {312CAE96-A822-404B-A5E4-9A70886C862D}
	EndGlobalSection
EndGlobal
